
Microsoft Visual Studio Solution File, Format Version 12.00
# Visual Studio 15
VisualStudioVersion = 15.0.28307.1340
MinimumVisualStudioVersion = 10.0.40219.1
Project("{FAE04EC0-301F-11D3-BF4B-00C04F79EFBC}") = "ToDo.DAL", "ToDo.DAL\ToDo.DAL.csproj", "{913F9B05-D418-43DE-A139-3F4C4CD6F6ED}"
EndProject
Project("{FAE04EC0-301F-11D3-BF4B-00C04F79EFBC}") = "ToDo.UI", "ToDo.UI\ToDo.UI.csproj", "{B06BDD95-905C-4F6A-AFB6-563C62BEA1D4}"
EndProject
Global
	GlobalSection(SolutionConfigurationPlatforms) = preSolution
		Debug|Any CPU = Debug|Any CPU
		Release|Any CPU = Release|Any CPU
	EndGlobalSection
	GlobalSection(ProjectConfigurationPlatforms) = postSolution
		{913F9B05-D418-43DE-A139-3F4C4CD6F6ED}.Debug|Any CPU.ActiveCfg = Debug|Any CPU
		{913F9B05-D418-43DE-A139-3F4C4CD6F6ED}.Debug|Any CPU.Build.0 = Debug|Any CPU
		{913F9B05-D418-43DE-A139-3F4C4CD6F6ED}.Release|Any CPU.ActiveCfg = Release|Any CPU
		{913F9B05-D418-43DE-A139-3F4C4CD6F6ED}.Release|Any CPU.Build.0 = Release|Any CPU
		{B06BDD95-905C-4F6A-AFB6-563C62BEA1D4}.Debug|Any CPU.ActiveCfg = Debug|Any CPU
		{B06BDD95-905C-4F6A-AFB6-563C62BEA1D4}.Debug|Any CPU.Build.0 = Debug|Any CPU
		{B06BDD95-905C-4F6A-AFB6-563C62BEA1D4}.Release|Any CPU.ActiveCfg = Release|Any CPU
		{B06BDD95-905C-4F6A-AFB6-563C62BEA1D4}.Release|Any CPU.Build.0 = Release|Any CPU
	EndGlobalSection
	GlobalSection(SolutionProperties) = preSolution
		HideSolutionNode = FALSE
	EndGlobalSection
	GlobalSection(ExtensibilityGlobals) = postSolution
		SolutionGuid = {45DC70B2-CCD9-4164-8384-6035D1AF8396}
	EndGlobalSection
EndGlobal
